// !$*UTF8*$!
{
	archiveVersion = 1;
	classes = {
	};
	objectVersion = 46;
	objects = {

/* Begin PBXBuildFile section */
		EE1776BE1D9CD39F000CE436 /* AppDelegate.swift in Sources */ = {isa = PBXBuildFile; fileRef = EE1776BD1D9CD39F000CE436 /* AppDelegate.swift */; };
		EE1776C01D9CD39F000CE436 /* ViewController.swift in Sources */ = {isa = PBXBuildFile; fileRef = EE1776BF1D9CD39F000CE436 /* ViewController.swift */; };
		EE1776C31D9CD39F000CE436 /* Main.storyboard in Resources */ = {isa = PBXBuildFile; fileRef = EE1776C11D9CD39F000CE436 /* Main.storyboard */; };
		EE1776C61D9CD39F000CE436 /* ProyectoFinal1.xcdatamodeld in Sources */ = {isa = PBXBuildFile; fileRef = EE1776C41D9CD39F000CE436 /* ProyectoFinal1.xcdatamodeld */; };
		EE1776C81D9CD39F000CE436 /* Assets.xcassets in Resources */ = {isa = PBXBuildFile; fileRef = EE1776C71D9CD39F000CE436 /* Assets.xcassets */; };
		EE1776CB1D9CD39F000CE436 /* LaunchScreen.storyboard in Resources */ = {isa = PBXBuildFile; fileRef = EE1776C91D9CD39F000CE436 /* LaunchScreen.storyboard */; };
		EE1776D51D9CD53F000CE436 /* QR.png in Resources */ = {isa = PBXBuildFile; fileRef = EE1776D31D9CD53F000CE436 /* QR.png */; };
		EE1776D61D9CD53F000CE436 /* RUTAS.jpg in Resources */ = {isa = PBXBuildFile; fileRef = EE1776D41D9CD53F000CE436 /* RUTAS.jpg */; };
		EE1776D81D9CDC2C000CE436 /* TableView.swift in Sources */ = {isa = PBXBuildFile; fileRef = EE1776D71D9CDC2C000CE436 /* TableView.swift */; };
		EE1776DA1D9CDC65000CE436 /* mapaView.swift in Sources */ = {isa = PBXBuildFile; fileRef = EE1776D91D9CDC65000CE436 /* mapaView.swift */; };
		EE1776DC1D9CDC91000CE436 /* RutasView.swift in Sources */ = {isa = PBXBuildFile; fileRef = EE1776DB1D9CDC91000CE436 /* RutasView.swift */; };
		EE1776E01D9CDCEC000CE436 /* codigoQRView.swift in Sources */ = {isa = PBXBuildFile; fileRef = EE1776DF1D9CDCEC000CE436 /* codigoQRView.swift */; };
		EE1776E21D9CDD0B000CE436 /* muestraQRView.swift in Sources */ = {isa = PBXBuildFile; fileRef = EE1776E11D9CDD0B000CE436 /* muestraQRView.swift */; };
		EE1776E41D9CDDB8000CE436 /* Rutas.swift in Sources */ = {isa = PBXBuildFile; fileRef = EE1776E31D9CDDB8000CE436 /* Rutas.swift */; };
		EE1776E61D9CDDC3000CE436 /* Puntos.swift in Sources */ = {isa = PBXBuildFile; fileRef = EE1776E51D9CDDC3000CE436 /* Puntos.swift */; };
		EE1776E81D9CDF1F000CE436 /* coloresRutas.swift in Sources */ = {isa = PBXBuildFile; fileRef = EE1776E71D9CDF1F000CE436 /* coloresRutas.swift */; };
		EE7B9DEF1DA207F100E4E100 /* fotoView.swift in Sources */ = {isa = PBXBuildFile; fileRef = EE7B9DEE1DA207F100E4E100 /* fotoView.swift */; };
/* End PBXBuildFile section */

/* Begin PBXFileReference section */
		EE1776BA1D9CD39F000CE436 /* ProyectoFinal1.app */ = {isa = PBXFileReference; explicitFileType = wrapper.application; includeInIndex = 0; path = ProyectoFinal1.app; sourceTree = BUILT_PRODUCTS_DIR; };
		EE1776BD1D9CD39F000CE436 /* AppDelegate.swift */ = {isa = PBXFileReference; lastKnownFileType = sourcecode.swift; path = AppDelegate.swift; sourceTree = "<group>"; };
		EE1776BF1D9CD39F000CE436 /* ViewController.swift */ = {isa = PBXFileReference; lastKnownFileType = sourcecode.swift; path = ViewController.swift; sourceTree = "<group>"; };
		EE1776C21D9CD39F000CE436 /* Base */ = {isa = PBXFileReference; lastKnownFileType = file.storyboard; name = Base; path = Base.lproj/Main.storyboard; sourceTree = "<group>"; };
		EE1776C51D9CD39F000CE436 /* ProyectoFinal1.xcdatamodel */ = {isa = PBXFileReference; lastKnownFileType = wrapper.xcdatamodel; path = ProyectoFinal1.xcdatamodel; sourceTree = "<group>"; };
		EE1776C71D9CD39F000CE436 /* Assets.xcassets */ = {isa = PBXFileReference; lastKnownFileType = folder.assetcatalog; path = Assets.xcassets; sourceTree = "<group>"; };
		EE1776CA1D9CD39F000CE436 /* Base */ = {isa = PBXFileReference; lastKnownFileType = file.storyboard; name = Base; path = Base.lproj/LaunchScreen.storyboard; sourceTree = "<group>"; };
		EE1776CC1D9CD39F000CE436 /* Info.plist */ = {isa = PBXFileReference; lastKnownFileType = text.plist.xml; path = Info.plist; sourceTree = "<group>"; };
		EE1776D31D9CD53F000CE436 /* QR.png */ = {isa = PBXFileReference; lastKnownFileType = image.png; path = QR.png; sourceTree = "<group>"; };
		EE1776D41D9CD53F000CE436 /* RUTAS.jpg */ = {isa = PBXFileReference; lastKnownFileType = image.jpeg; path = RUTAS.jpg; sourceTree = "<group>"; };
		EE1776D71D9CDC2C000CE436 /* TableView.swift */ = {isa = PBXFileReference; fileEncoding = 4; lastKnownFileType = sourcecode.swift; path = TableView.swift; sourceTree = "<group>"; };
		EE1776D91D9CDC65000CE436 /* mapaView.swift */ = {isa = PBXFileReference; fileEncoding = 4; lastKnownFileType = sourcecode.swift; path = mapaView.swift; sourceTree = "<group>"; };
		EE1776DB1D9CDC91000CE436 /* RutasView.swift */ = {isa = PBXFileReference; fileEncoding = 4; lastKnownFileType = sourcecode.swift; path = RutasView.swift; sourceTree = "<group>"; };
		EE1776DF1D9CDCEC000CE436 /* codigoQRView.swift */ = {isa = PBXFileReference; fileEncoding = 4; lastKnownFileType = sourcecode.swift; path = codigoQRView.swift; sourceTree = "<group>"; };
		EE1776E11D9CDD0B000CE436 /* muestraQRView.swift */ = {isa = PBXFileReference; fileEncoding = 4; lastKnownFileType = sourcecode.swift; path = muestraQRView.swift; sourceTree = "<group>"; };
		EE1776E31D9CDDB8000CE436 /* Rutas.swift */ = {isa = PBXFileReference; fileEncoding = 4; lastKnownFileType = sourcecode.swift; path = Rutas.swift; sourceTree = "<group>"; };
		EE1776E51D9CDDC3000CE436 /* Puntos.swift */ = {isa = PBXFileReference; fileEncoding = 4; lastKnownFileType = sourcecode.swift; path = Puntos.swift; sourceTree = "<group>"; };
		EE1776E71D9CDF1F000CE436 /* coloresRutas.swift */ = {isa = PBXFileReference; fileEncoding = 4; lastKnownFileType = sourcecode.swift; path = coloresRutas.swift; sourceTree = "<group>"; };
		EE7B9DEE1DA207F100E4E100 /* fotoView.swift */ = {isa = PBXFileReference; fileEncoding = 4; lastKnownFileType = sourcecode.swift; path = fotoView.swift; sourceTree = "<group>"; };
/* End PBXFileReference section */

/* Begin PBXFrameworksBuildPhase section */
		EE1776B71D9CD39F000CE436 /* Frameworks */ = {
			isa = PBXFrameworksBuildPhase;
			buildActionMask = 2147483647;
			files = (
			);
			runOnlyForDeploymentPostprocessing = 0;
		};
/* End PBXFrameworksBuildPhase section */

/* Begin PBXGroup section */
		EE1776B11D9CD39F000CE436 = {
			isa = PBXGroup;
			children = (
				EE1776BC1D9CD39F000CE436 /* ProyectoFinal1 */,
				EE1776BB1D9CD39F000CE436 /* Products */,
			);
			sourceTree = "<group>";
		};
		EE1776BB1D9CD39F000CE436 /* Products */ = {
			isa = PBXGroup;
			children = (
				EE1776BA1D9CD39F000CE436 /* ProyectoFinal1.app */,
			);
			name = Products;
			sourceTree = "<group>";
		};
		EE1776BC1D9CD39F000CE436 /* ProyectoFinal1 */ = {
			isa = PBXGroup;
			children = (
				EE1776D21D9CD502000CE436 /* imagenes */,
				EE1776BD1D9CD39F000CE436 /* AppDelegate.swift */,
				EE1776BF1D9CD39F000CE436 /* ViewController.swift */,
				EE1776D71D9CDC2C000CE436 /* TableView.swift */,
				EE1776DB1D9CDC91000CE436 /* RutasView.swift */,
				EE1776D91D9CDC65000CE436 /* mapaView.swift */,
				EE1776E11D9CDD0B000CE436 /* muestraQRView.swift */,
				EE1776E31D9CDDB8000CE436 /* Rutas.swift */,
				EE1776E51D9CDDC3000CE436 /* Puntos.swift */,
				EE1776E71D9CDF1F000CE436 /* coloresRutas.swift */,
				EE1776DF1D9CDCEC000CE436 /* codigoQRView.swift */,
				EE1776C11D9CD39F000CE436 /* Main.storyboard */,
				EE1776C71D9CD39F000CE436 /* Assets.xcassets */,
				EE1776C91D9CD39F000CE436 /* LaunchScreen.storyboard */,
				EE1776CC1D9CD39F000CE436 /* Info.plist */,
				EE1776C41D9CD39F000CE436 /* ProyectoFinal1.xcdatamodeld */,
				EE7B9DEE1DA207F100E4E100 /* fotoView.swift */,
			);
			path = ProyectoFinal1;
			sourceTree = "<group>";
		};
		EE1776D21D9CD502000CE436 /* imagenes */ = {
			isa = PBXGroup;
			children = (
				EE1776D31D9CD53F000CE436 /* QR.png */,
				EE1776D41D9CD53F000CE436 /* RUTAS.jpg */,
			);
			name = imagenes;
			sourceTree = "<group>";
		};
/* End PBXGroup section */

/* Begin PBXNativeTarget section */
		EE1776B91D9CD39F000CE436 /* ProyectoFinal1 */ = {
			isa = PBXNativeTarget;
			buildConfigurationList = EE1776CF1D9CD39F000CE436 /* Build configuration list for PBXNativeTarget "ProyectoFinal1" */;
			buildPhases = (
				EE1776B61D9CD39F000CE436 /* Sources */,
				EE1776B71D9CD39F000CE436 /* Frameworks */,
				EE1776B81D9CD39F000CE436 /* Resources */,
			);
			buildRules = (
			);
			dependencies = (
			);
			name = ProyectoFinal1;
			productName = ProyectoFinal1;
			productReference = EE1776BA1D9CD39F000CE436 /* ProyectoFinal1.app */;
			productType = "com.apple.product-type.application";
		};
/* End PBXNativeTarget section */

/* Begin PBXProject section */
		EE1776B21D9CD39F000CE436 /* Project object */ = {
			isa = PBXProject;
			attributes = {
				LastSwiftUpdateCheck = 0730;
				LastUpgradeCheck = 0730;
				ORGANIZATIONNAME = "Luis Rodriguez";
				TargetAttributes = {
					EE1776B91D9CD39F000CE436 = {
						CreatedOnToolsVersion = 7.3.1;
						DevelopmentTeam = GBEM7P83UA;
					};
				};
			};
			buildConfigurationList = EE1776B51D9CD39F000CE436 /* Build configuration list for PBXProject "ProyectoFinal1" */;
			compatibilityVersion = "Xcode 3.2";
			developmentRegion = English;
			hasScannedForEncodings = 0;
			knownRegions = (
				en,
				Base,
			);
			mainGroup = EE1776B11D9CD39F000CE436;
			productRefGroup = EE1776BB1D9CD39F000CE436 /* Products */;
			projectDirPath = "";
			projectRoot = "";
			targets = (
				EE1776B91D9CD39F000CE436 /* ProyectoFinal1 */,
			);
		};
/* End PBXProject section */

/* Begin PBXResourcesBuildPhase section */
		EE1776B81D9CD39F000CE436 /* Resources */ = {
			isa = PBXResourcesBuildPhase;
			buildActionMask = 2147483647;
			files = (
				EE1776D51D9CD53F000CE436 /* QR.png in Resources */,
				EE1776CB1D9CD39F000CE436 /* LaunchScreen.storyboard in Resources */,
				EE1776C81D9CD39F000CE436 /* Assets.xcassets in Resources */,
				EE1776C31D9CD39F000CE436 /* Main.storyboard in Resources */,
				EE1776D61D9CD53F000CE436 /* RUTAS.jpg in Resources */,
			);
			runOnlyForDeploymentPostprocessing = 0;
		};
/* End PBXResourcesBuildPhase section */

/* Begin PBXSourcesBuildPhase section */
		EE1776B61D9CD39F000CE436 /* Sources */ = {
			isa = PBXSourcesBuildPhase;
			buildActionMask = 2147483647;
			files = (
				EE7B9DEF1DA207F100E4E100 /* fotoView.swift in Sources */,
				EE1776E01D9CDCEC000CE436 /* codigoQRView.swift in Sources */,
				EE1776DA1D9CDC65000CE436 /* mapaView.swift in Sources */,
				EE1776E41D9CDDB8000CE436 /* Rutas.swift in Sources */,
				EE1776C61D9CD39F000CE436 /* ProyectoFinal1.xcdatamodeld in Sources */,
				EE1776E81D9CDF1F000CE436 /* coloresRutas.swift in Sources */,
				EE1776D81D9CDC2C000CE436 /* TableView.swift in Sources */,
				EE1776C01D9CD39F000CE436 /* ViewController.swift in Sources */,
				EE1776E61D9CDDC3000CE436 /* Puntos.swift in Sources */,
				EE1776E21D9CDD0B000CE436 /* muestraQRView.swift in Sources */,
				EE1776DC1D9CDC91000CE436 /* RutasView.swift in Sources */,
				EE1776BE1D9CD39F000CE436 /* AppDelegate.swift in Sources */,
			);
			runOnlyForDeploymentPostprocessing = 0;
		};
/* End PBXSourcesBuildPhase section */

/* Begin PBXVariantGroup section */
		EE1776C11D9CD39F000CE436 /* Main.storyboard */ = {
			isa = PBXVariantGroup;
			children = (
				EE1776C21D9CD39F000CE436 /* Base */,
			);
			name = Main.storyboard;
			sourceTree = "<group>";
		};
		EE1776C91D9CD39F000CE436 /* LaunchScreen.storyboard */ = {
			isa = PBXVariantGroup;
			children = (
				EE1776CA1D9CD39F000CE436 /* Base */,
			);
			name = LaunchScreen.storyboard;
			sourceTree = "<group>";
		};
/* End PBXVariantGroup section */

/* Begin XCBuildConfiguration section */
		EE1776CD1D9CD39F000CE436 /* Debug */ = {
			isa = XCBuildConfiguration;
			buildSettings = {
				ALWAYS_SEARCH_USER_PATHS = NO;
				CLANG_ANALYZER_NONNULL = YES;
				CLANG_CXX_LANGUAGE_STANDARD = "gnu++0x";
				CLANG_CXX_LIBRARY = "libc++";
				CLANG_ENABLE_MODULES = YES;
				CLANG_ENABLE_OBJC_ARC = YES;
				CLANG_WARN_BOOL_CONVERSION = YES;
				CLANG_WARN_CONSTANT_CONVERSION = YES;
				CLANG_WARN_DIRECT_OBJC_ISA_USAGE = YES_ERROR;
				CLANG_WARN_EMPTY_BODY = YES;
				CLANG_WARN_ENUM_CONVERSION = YES;
				CLANG_WARN_INT_CONVERSION = YES;
				CLANG_WARN_OBJC_ROOT_CLASS = YES_ERROR;
				CLANG_WARN_UNREACHABLE_CODE = YES;
				CLANG_WARN__DUPLICATE_METHOD_MATCH = YES;
				"CODE_SIGN_IDENTITY[sdk=iphoneos*]" = "iPhone Developer";
				COPY_PHASE_STRIP = NO;
				DEBUG_INFORMATION_FORMAT = dwarf;
				ENABLE_STRICT_OBJC_MSGSEND = YES;
				ENABLE_TESTABILITY = YES;
				GCC_C_LANGUAGE_STANDARD = gnu99;
				GCC_DYNAMIC_NO_PIC = NO;
				GCC_NO_COMMON_BLOCKS = YES;
				GCC_OPTIMIZATION_LEVEL = 0;
				GCC_PREPROCESSOR_DEFINITIONS = (
					"DEBUG=1",
					"$(inherited)",
				);
				GCC_WARN_64_TO_32_BIT_CONVERSION = YES;
				GCC_WARN_ABOUT_RETURN_TYPE = YES_ERROR;
				GCC_WARN_UNDECLARED_SELECTOR = YES;
				GCC_WARN_UNINITIALIZED_AUTOS = YES_AGGRESSIVE;
				GCC_WARN_UNUSED_FUNCTION = YES;
				GCC_WARN_UNUSED_VARIABLE = YES;
				IPHONEOS_DEPLOYMENT_TARGET = 9.3;
				MTL_ENABLE_DEBUG_INFO = YES;
				ONLY_ACTIVE_ARCH = YES;
				SDKROOT = iphoneos;
				SWIFT_OPTIMIZATION_LEVEL = "-Onone";
				TARGETED_DEVICE_FAMILY = "1,2";
			};
			name = Debug;
		};
		EE1776CE1D9CD39F000CE436 /* Release */ = {
			isa = XCBuildConfiguration;
			buildSettings = {
				ALWAYS_SEARCH_USER_PATHS = NO;
				CLANG_ANALYZER_NONNULL = YES;
				CLANG_CXX_LANGUAGE_STANDARD = "gnu++0x";
				CLANG_CXX_LIBRARY = "libc++";
				CLANG_ENABLE_MODULES = YES;
				CLANG_ENABLE_OBJC_ARC = YES;
				CLANG_WARN_BOOL_CONVERSION = YES;
				CLANG_WARN_CONSTANT_CONVERSION = YES;
				CLANG_WARN_DIRECT_OBJC_ISA_USAGE = YES_ERROR;
				CLANG_WARN_EMPTY_BODY = YES;
				CLANG_WARN_ENUM_CONVERSION = YES;
				CLANG_WARN_INT_CONVERSION = YES;
				CLANG_WARN_OBJC_ROOT_CLASS = YES_ERROR;
				CLANG_WARN_UNREACHABLE_CODE = YES;
				CLANG_WARN__DUPLICATE_METHOD_MATCH = YES;
				"CODE_SIGN_IDENTITY[sdk=iphoneos*]" = "iPhone Developer";
				COPY_PHASE_STRIP = NO;
				DEBUG_INFORMATION_FORMAT = "dwarf-with-dsym";
				ENABLE_NS_ASSERTIONS = NO;
				ENABLE_STRICT_OBJC_MSGSEND = YES;
				GCC_C_LANGUAGE_STANDARD = gnu99;
				GCC_NO_COMMON_BLOCKS = YES;
				GCC_WARN_64_TO_32_BIT_CONVERSION = YES;
				GCC_WARN_ABOUT_RETURN_TYPE = YES_ERROR;
				GCC_WARN_UNDECLARED_SELECTOR = YES;
				GCC_WARN_UNINITIALIZED_AUTOS = YES_AGGRESSIVE;
				GCC_WARN_UNUSED_FUNCTION = YES;
				GCC_WARN_UNUSED_VARIABLE = YES;
				IPHONEOS_DEPLOYMENT_TARGET = 9.3;
				MTL_ENABLE_DEBUG_INFO = NO;
				SDKROOT = iphoneos;
				TARGETED_DEVICE_FAMILY = "1,2";
				VALIDATE_PRODUCT = YES;
			};
			name = Release;
		};
		EE1776D01D9CD39F000CE436 /* Debug */ = {
			isa = XCBuildConfiguration;
			buildSettings = {
				ASSETCATALOG_COMPILER_APPICON_NAME = AppIcon;
				INFOPLIST_FILE = ProyectoFinal1/Info.plist;
				LD_RUNPATH_SEARCH_PATHS = "$(inherited) @executable_path/Frameworks";
				PRODUCT_BUNDLE_IDENTIFIER = mx.univeronline.ProyectoFinal1;
				PRODUCT_NAME = "$(TARGET_NAME)";
			};
			name = Debug;
		};
		EE1776D11D9CD39F000CE436 /* Release */ = {
			isa = XCBuildConfiguration;
			buildSettings = {
				ASSETCATALOG_COMPILER_APPICON_NAME = AppIcon;
				INFOPLIST_FILE = ProyectoFinal1/Info.plist;
				LD_RUNPATH_SEARCH_PATHS = "$(inherited) @executable_path/Frameworks";
				PRODUCT_BUNDLE_IDENTIFIER = mx.univeronline.ProyectoFinal1;
				PRODUCT_NAME = "$(TARGET_NAME)";
			};
			name = Release;
		};
/* End XCBuildConfiguration section */

/* Begin XCConfigurationList section */
		EE1776B51D9CD39F000CE436 /* Build configuration list for PBXProject "ProyectoFinal1" */ = {
			isa = XCConfigurationList;
			buildConfigurations = (
				EE1776CD1D9CD39F000CE436 /* Debug */,
				EE1776CE1D9CD39F000CE436 /* Release */,
			);
			defaultConfigurationIsVisible = 0;
			defaultConfigurationName = Release;
		};
		EE1776CF1D9CD39F000CE436 /* Build configuration list for PBXNativeTarget "ProyectoFinal1" */ = {
			isa = XCConfigurationList;
			buildConfigurations = (
				EE1776D01D9CD39F000CE436 /* Debug */,
				EE1776D11D9CD39F000CE436 /* Release */,
			);
			defaultConfigurationIsVisible = 0;
			defaultConfigurationName = Release;
		};
/* End XCConfigurationList section */

/* Begin XCVersionGroup section */
		EE1776C41D9CD39F000CE436 /* ProyectoFinal1.xcdatamodeld */ = {
			isa = XCVersionGroup;
			children = (
				EE1776C51D9CD39F000CE436 /* ProyectoFinal1.xcdatamodel */,
			);
			currentVersion = EE1776C51D9CD39F000CE436 /* ProyectoFinal1.xcdatamodel */;
			path = ProyectoFinal1.xcdatamodeld;
			sourceTree = "<group>";
			versionGroupType = wrapper.xcdatamodel;
		};
/* End XCVersionGroup section */
	};
	rootObject = EE1776B21D9CD39F000CE436 /* Project object */;
}
