// !$*UTF8*$!
{
	archiveVersion = 1;
	classes = {
	};
	objectVersion = 46;
	objects = {

/* Begin PBXBuildFile section */
		EE1776BE1D9CD39F000CE436 /* AppDelegate.swift in Sources */ = {isa = PBXBuildFile; fileRef = EE1776BD1D9CD39F000CE436 /* AppDelegate.swift */; };
		EE1776C01D9CD39F000CE436 /* ViewController.swift in Sources */ = {isa = PBXBuildFile; fileRef = EE1776BF1D9CD39F000CE436 /* ViewController.swift */; };
		EE1776C31D9CD39F000CE436 /* Main.storyboard in Resources */ = {isa = PBXBuildFile; fileRef = EE1776C11D9CD39F000CE436 /* Main.storyboard */; };
		EE1776C61D9CD39F000CE436 /* ProyectoFinal1.xcdatamodeld in Sources */ = {isa = PBXBuildFile; fileRef = EE1776C41D9CD39F000CE436 /* ProyectoFinal1.xcdatamodeld */; };
		EE1776C81D9CD39F000CE436 /* Assets.xcassets in Resources */ = {isa = PBXBuildFile; fileRef = EE1776C71D9CD39F000CE436 /* Assets.xcassets */; };
		EE1776CB1D9CD39F000CE436 /* LaunchScreen.storyboard in Resources */ = {isa = PBXBuildFile; fileRef = EE1776C91D9CD39F000CE436 /* LaunchScreen.storyboard */; };
		EE1776D51D9CD53F000CE436 /* QR.png in Resources */ = {isa = PBXBuildFile; fileRef = EE1776D31D9CD53F000CE436 /* QR.png */; };
		EE1776D61D9CD53F000CE436 /* RUTAS.jpg in Resources */ = {isa = PBXBuildFile; fileRef = EE1776D41D9CD53F000CE436 /* RUTAS.jpg */; };
		EE1776D81D9CDC2C000CE436 /* TableView.swift in Sources */ = {isa = PBXBuildFile; fileRef = EE1776D71D9CDC2C000CE436 /* TableView.swift */; };
		EE1776DA1D9CDC65000CE436 /* mapaView.swift in Sources */ = {isa = PBXBuildFile; fileRef = EE1776D91D9CDC65000CE436 /* mapaView.swift */; };
		EE1776DC1D9CDC91000CE436 /* RutasView.swift in Sources */ = {isa = PBXBuildFile; fileRef = EE1776DB1D9CDC91000CE436 /* RutasView.swift */; };
		EE1776E01D9CDCEC000CE436 /* codigoQRView.swift in Sources */ = {isa = PBXBuildFile; fileRef = EE1776DF1D9CDCEC000CE436 /* codigoQRView.swift */; };
		EE1776E21D9CDD0B000CE436 /* muestraQRView.swift in Sources */ = {isa = PBXBuildFile; fileRef = EE1776E11D9CDD0B000CE436 /* muestraQRView.swift */; };
		EE1776E41D9CDDB8000CE436 /* Rutas.swift in Sources */ = {isa = PBXBuildFile; fileRef = EE1776E31D9CDDB8000CE436 /* Rutas.swift */; };
		EE1776E61D9CDDC3000CE436 /* Puntos.swift in Sources */ = {isa = PBXBuildFile; fileRef = EE1776E51D9CDDC3000CE436 /* Puntos.swift */; };
		EE1776E81D9CDF1F000CE436 /* coloresRutas.swift in Sources */ = {isa = PBXBuildFile; fileRef = EE1776E71D9CDF1F000CE436 /* coloresRutas.swift */; };
		EE259E2F1DB89037007C1AAE /* DebugMapViewController.xib in Resources */ = {isa = PBXBuildFile; fileRef = EE259E2B1DB89037007C1AAE /* DebugMapViewController.xib */; };
		EE259E301DB89037007C1AAE /* hdar_close.png in Resources */ = {isa = PBXBuildFile; fileRef = EE259E2C1DB89037007C1AAE /* hdar_close.png */; };
		EE259E311DB89037007C1AAE /* hdar_close@2x.png in Resources */ = {isa = PBXBuildFile; fileRef = EE259E2D1DB89037007C1AAE /* hdar_close@2x.png */; };
		EE259E321DB89037007C1AAE /* hdar_close@3x.png in Resources */ = {isa = PBXBuildFile; fileRef = EE259E2E1DB89037007C1AAE /* hdar_close@3x.png */; };
		EE259E391DB89094007C1AAE /* ARAnnotation.swift in Sources */ = {isa = PBXBuildFile; fileRef = EE259E341DB89094007C1AAE /* ARAnnotation.swift */; };
		EE259E3A1DB89094007C1AAE /* ARAnnotationView.swift in Sources */ = {isa = PBXBuildFile; fileRef = EE259E351DB89094007C1AAE /* ARAnnotationView.swift */; };
		EE259E3B1DB89094007C1AAE /* ARConfiguration.swift in Sources */ = {isa = PBXBuildFile; fileRef = EE259E361DB89094007C1AAE /* ARConfiguration.swift */; };
		EE259E3C1DB89094007C1AAE /* ARTrackingManager.swift in Sources */ = {isa = PBXBuildFile; fileRef = EE259E371DB89094007C1AAE /* ARTrackingManager.swift */; };
		EE259E3D1DB89094007C1AAE /* ARViewController.swift in Sources */ = {isa = PBXBuildFile; fileRef = EE259E381DB89094007C1AAE /* ARViewController.swift */; };
		EE259E401DB890C7007C1AAE /* DebugMapViewController.swift in Sources */ = {isa = PBXBuildFile; fileRef = EE259E3F1DB890C7007C1AAE /* DebugMapViewController.swift */; };
		EE259E431DB8912D007C1AAE /* CoreLocation.framework in Frameworks */ = {isa = PBXBuildFile; fileRef = EE259E421DB8912D007C1AAE /* CoreLocation.framework */; };
		EE259E451DB89142007C1AAE /* CoreMotion.framework in Frameworks */ = {isa = PBXBuildFile; fileRef = EE259E441DB89142007C1AAE /* CoreMotion.framework */; };
		EE259E471DB8914C007C1AAE /* MapKit.framework in Frameworks */ = {isa = PBXBuildFile; fileRef = EE259E461DB8914C007C1AAE /* MapKit.framework */; };
		EE259E491DB891C8007C1AAE /* realidadAumentadaView.swift in Sources */ = {isa = PBXBuildFile; fileRef = EE259E481DB891C8007C1AAE /* realidadAumentadaView.swift */; };
		EE259E4B1DB89275007C1AAE /* TestAnnotationView.swift in Sources */ = {isa = PBXBuildFile; fileRef = EE259E4A1DB89275007C1AAE /* TestAnnotationView.swift */; };
		EE7B9DEF1DA207F100E4E100 /* fotoView.swift in Sources */ = {isa = PBXBuildFile; fileRef = EE7B9DEE1DA207F100E4E100 /* fotoView.swift */; };
		EE90972E1DB48219009571A4 /* ACERCA.jpg in Resources */ = {isa = PBXBuildFile; fileRef = EE90972D1DB48219009571A4 /* ACERCA.jpg */; };
		EE9097301DB48221009571A4 /* EVENTOS.jpg in Resources */ = {isa = PBXBuildFile; fileRef = EE90972F1DB48221009571A4 /* EVENTOS.jpg */; };
		EE9097321DB482DE009571A4 /* AcercaView.swift in Sources */ = {isa = PBXBuildFile; fileRef = EE9097311DB482DE009571A4 /* AcercaView.swift */; };
		EE9097341DB48315009571A4 /* EventosTableView.swift in Sources */ = {isa = PBXBuildFile; fileRef = EE9097331DB48315009571A4 /* EventosTableView.swift */; };
		EE9097361DB48359009571A4 /* Teatros.swift in Sources */ = {isa = PBXBuildFile; fileRef = EE9097351DB48359009571A4 /* Teatros.swift */; };
		EE9097381DB48361009571A4 /* ConfiguracionCelda.swift in Sources */ = {isa = PBXBuildFile; fileRef = EE9097371DB48361009571A4 /* ConfiguracionCelda.swift */; };
		EECFFEA91DA887FB0027712D /* Interface.storyboard in Resources */ = {isa = PBXBuildFile; fileRef = EECFFEA71DA887FB0027712D /* Interface.storyboard */; };
		EECFFEAB1DA887FB0027712D /* Assets.xcassets in Resources */ = {isa = PBXBuildFile; fileRef = EECFFEAA1DA887FB0027712D /* Assets.xcassets */; };
		EECFFEB21DA887FB0027712D /* ProyectoFinal1Watch Extension.appex in Embed App Extensions */ = {isa = PBXBuildFile; fileRef = EECFFEB11DA887FB0027712D /* ProyectoFinal1Watch Extension.appex */; settings = {ATTRIBUTES = (RemoveHeadersOnCopy, ); }; };
		EECFFEB91DA887FB0027712D /* InterfaceController.swift in Sources */ = {isa = PBXBuildFile; fileRef = EECFFEB81DA887FB0027712D /* InterfaceController.swift */; };
		EECFFEBB1DA887FB0027712D /* ExtensionDelegate.swift in Sources */ = {isa = PBXBuildFile; fileRef = EECFFEBA1DA887FB0027712D /* ExtensionDelegate.swift */; };
		EECFFEBD1DA887FB0027712D /* NotificationController.swift in Sources */ = {isa = PBXBuildFile; fileRef = EECFFEBC1DA887FB0027712D /* NotificationController.swift */; };
		EECFFEBF1DA887FB0027712D /* Assets.xcassets in Resources */ = {isa = PBXBuildFile; fileRef = EECFFEBE1DA887FB0027712D /* Assets.xcassets */; };
		EECFFEC31DA887FB0027712D /* ProyectoFinal1Watch.app in Embed Watch Content */ = {isa = PBXBuildFile; fileRef = EECFFEA51DA887FA0027712D /* ProyectoFinal1Watch.app */; };
		EECFFECD1DA88E270027712D /* LabelRow.swift in Sources */ = {isa = PBXBuildFile; fileRef = EECFFECC1DA88E270027712D /* LabelRow.swift */; };
		EECFFED21DA8CD280027712D /* PuntosW.swift in Sources */ = {isa = PBXBuildFile; fileRef = EECFFED11DA8CD280027712D /* PuntosW.swift */; };
		EECFFED41DA8CDAA0027712D /* RutasW.swift in Sources */ = {isa = PBXBuildFile; fileRef = EECFFED31DA8CDAA0027712D /* RutasW.swift */; };
		EECFFEDB1DA8DBA10027712D /* MapasWatchInterfaceController.swift in Sources */ = {isa = PBXBuildFile; fileRef = EECFFEDA1DA8DBA10027712D /* MapasWatchInterfaceController.swift */; };
/* End PBXBuildFile section */

/* Begin PBXContainerItemProxy section */
		EECFFEB31DA887FB0027712D /* PBXContainerItemProxy */ = {
			isa = PBXContainerItemProxy;
			containerPortal = EE1776B21D9CD39F000CE436 /* Project object */;
			proxyType = 1;
			remoteGlobalIDString = EECFFEB01DA887FB0027712D;
			remoteInfo = "ProyectoFinal1Watch Extension";
		};
		EECFFEC11DA887FB0027712D /* PBXContainerItemProxy */ = {
			isa = PBXContainerItemProxy;
			containerPortal = EE1776B21D9CD39F000CE436 /* Project object */;
			proxyType = 1;
			remoteGlobalIDString = EECFFEA41DA887FA0027712D;
			remoteInfo = ProyectoFinal1Watch;
		};
/* End PBXContainerItemProxy section */

/* Begin PBXCopyFilesBuildPhase section */
		EECFFEC91DA887FB0027712D /* Embed App Extensions */ = {
			isa = PBXCopyFilesBuildPhase;
			buildActionMask = 2147483647;
			dstPath = "";
			dstSubfolderSpec = 13;
			files = (
				EECFFEB21DA887FB0027712D /* ProyectoFinal1Watch Extension.appex in Embed App Extensions */,
			);
			name = "Embed App Extensions";
			runOnlyForDeploymentPostprocessing = 0;
		};
		EECFFECB1DA887FB0027712D /* Embed Watch Content */ = {
			isa = PBXCopyFilesBuildPhase;
			buildActionMask = 2147483647;
			dstPath = "$(CONTENTS_FOLDER_PATH)/Watch";
			dstSubfolderSpec = 16;
			files = (
				EECFFEC31DA887FB0027712D /* ProyectoFinal1Watch.app in Embed Watch Content */,
			);
			name = "Embed Watch Content";
			runOnlyForDeploymentPostprocessing = 0;
		};
/* End PBXCopyFilesBuildPhase section */

/* Begin PBXFileReference section */
		EE1776BA1D9CD39F000CE436 /* ProyectoFinal1.app */ = {isa = PBXFileReference; explicitFileType = wrapper.application; includeInIndex = 0; path = ProyectoFinal1.app; sourceTree = BUILT_PRODUCTS_DIR; };
		EE1776BD1D9CD39F000CE436 /* AppDelegate.swift */ = {isa = PBXFileReference; lastKnownFileType = sourcecode.swift; path = AppDelegate.swift; sourceTree = "<group>"; };
		EE1776BF1D9CD39F000CE436 /* ViewController.swift */ = {isa = PBXFileReference; lastKnownFileType = sourcecode.swift; path = ViewController.swift; sourceTree = "<group>"; };
		EE1776C21D9CD39F000CE436 /* Base */ = {isa = PBXFileReference; lastKnownFileType = file.storyboard; name = Base; path = Base.lproj/Main.storyboard; sourceTree = "<group>"; };
		EE1776C51D9CD39F000CE436 /* ProyectoFinal1.xcdatamodel */ = {isa = PBXFileReference; lastKnownFileType = wrapper.xcdatamodel; path = ProyectoFinal1.xcdatamodel; sourceTree = "<group>"; };
		EE1776C71D9CD39F000CE436 /* Assets.xcassets */ = {isa = PBXFileReference; lastKnownFileType = folder.assetcatalog; path = Assets.xcassets; sourceTree = "<group>"; };
		EE1776CA1D9CD39F000CE436 /* Base */ = {isa = PBXFileReference; lastKnownFileType = file.storyboard; name = Base; path = Base.lproj/LaunchScreen.storyboard; sourceTree = "<group>"; };
		EE1776CC1D9CD39F000CE436 /* Info.plist */ = {isa = PBXFileReference; lastKnownFileType = text.plist.xml; path = Info.plist; sourceTree = "<group>"; };
		EE1776D31D9CD53F000CE436 /* QR.png */ = {isa = PBXFileReference; lastKnownFileType = image.png; path = QR.png; sourceTree = "<group>"; };
		EE1776D41D9CD53F000CE436 /* RUTAS.jpg */ = {isa = PBXFileReference; lastKnownFileType = image.jpeg; path = RUTAS.jpg; sourceTree = "<group>"; };
		EE1776D71D9CDC2C000CE436 /* TableView.swift */ = {isa = PBXFileReference; fileEncoding = 4; lastKnownFileType = sourcecode.swift; path = TableView.swift; sourceTree = "<group>"; };
		EE1776D91D9CDC65000CE436 /* mapaView.swift */ = {isa = PBXFileReference; fileEncoding = 4; lastKnownFileType = sourcecode.swift; path = mapaView.swift; sourceTree = "<group>"; };
		EE1776DB1D9CDC91000CE436 /* RutasView.swift */ = {isa = PBXFileReference; fileEncoding = 4; lastKnownFileType = sourcecode.swift; path = RutasView.swift; sourceTree = "<group>"; };
		EE1776DF1D9CDCEC000CE436 /* codigoQRView.swift */ = {isa = PBXFileReference; fileEncoding = 4; lastKnownFileType = sourcecode.swift; path = codigoQRView.swift; sourceTree = "<group>"; };
		EE1776E11D9CDD0B000CE436 /* muestraQRView.swift */ = {isa = PBXFileReference; fileEncoding = 4; lastKnownFileType = sourcecode.swift; path = muestraQRView.swift; sourceTree = "<group>"; };
		EE1776E31D9CDDB8000CE436 /* Rutas.swift */ = {isa = PBXFileReference; fileEncoding = 4; lastKnownFileType = sourcecode.swift; path = Rutas.swift; sourceTree = "<group>"; };
		EE1776E51D9CDDC3000CE436 /* Puntos.swift */ = {isa = PBXFileReference; fileEncoding = 4; lastKnownFileType = sourcecode.swift; path = Puntos.swift; sourceTree = "<group>"; };
		EE1776E71D9CDF1F000CE436 /* coloresRutas.swift */ = {isa = PBXFileReference; fileEncoding = 4; lastKnownFileType = sourcecode.swift; path = coloresRutas.swift; sourceTree = "<group>"; };
		EE259E2B1DB89037007C1AAE /* DebugMapViewController.xib */ = {isa = PBXFileReference; fileEncoding = 4; lastKnownFileType = file.xib; path = DebugMapViewController.xib; sourceTree = "<group>"; };
		EE259E2C1DB89037007C1AAE /* hdar_close.png */ = {isa = PBXFileReference; lastKnownFileType = image.png; path = hdar_close.png; sourceTree = "<group>"; };
		EE259E2D1DB89037007C1AAE /* hdar_close@2x.png */ = {isa = PBXFileReference; lastKnownFileType = image.png; path = "hdar_close@2x.png"; sourceTree = "<group>"; };
		EE259E2E1DB89037007C1AAE /* hdar_close@3x.png */ = {isa = PBXFileReference; lastKnownFileType = image.png; path = "hdar_close@3x.png"; sourceTree = "<group>"; };
		EE259E341DB89094007C1AAE /* ARAnnotation.swift */ = {isa = PBXFileReference; fileEncoding = 4; lastKnownFileType = sourcecode.swift; path = ARAnnotation.swift; sourceTree = "<group>"; };
		EE259E351DB89094007C1AAE /* ARAnnotationView.swift */ = {isa = PBXFileReference; fileEncoding = 4; lastKnownFileType = sourcecode.swift; path = ARAnnotationView.swift; sourceTree = "<group>"; };
		EE259E361DB89094007C1AAE /* ARConfiguration.swift */ = {isa = PBXFileReference; fileEncoding = 4; lastKnownFileType = sourcecode.swift; path = ARConfiguration.swift; sourceTree = "<group>"; };
		EE259E371DB89094007C1AAE /* ARTrackingManager.swift */ = {isa = PBXFileReference; fileEncoding = 4; lastKnownFileType = sourcecode.swift; path = ARTrackingManager.swift; sourceTree = "<group>"; };
		EE259E381DB89094007C1AAE /* ARViewController.swift */ = {isa = PBXFileReference; fileEncoding = 4; lastKnownFileType = sourcecode.swift; path = ARViewController.swift; sourceTree = "<group>"; };
		EE259E3F1DB890C7007C1AAE /* DebugMapViewController.swift */ = {isa = PBXFileReference; fileEncoding = 4; lastKnownFileType = sourcecode.swift; path = DebugMapViewController.swift; sourceTree = "<group>"; };
		EE259E421DB8912D007C1AAE /* CoreLocation.framework */ = {isa = PBXFileReference; lastKnownFileType = wrapper.framework; name = CoreLocation.framework; path = System/Library/Frameworks/CoreLocation.framework; sourceTree = SDKROOT; };
		EE259E441DB89142007C1AAE /* CoreMotion.framework */ = {isa = PBXFileReference; lastKnownFileType = wrapper.framework; name = CoreMotion.framework; path = System/Library/Frameworks/CoreMotion.framework; sourceTree = SDKROOT; };
		EE259E461DB8914C007C1AAE /* MapKit.framework */ = {isa = PBXFileReference; lastKnownFileType = wrapper.framework; name = MapKit.framework; path = System/Library/Frameworks/MapKit.framework; sourceTree = SDKROOT; };
		EE259E481DB891C8007C1AAE /* realidadAumentadaView.swift */ = {isa = PBXFileReference; fileEncoding = 4; lastKnownFileType = sourcecode.swift; path = realidadAumentadaView.swift; sourceTree = "<group>"; };
		EE259E4A1DB89275007C1AAE /* TestAnnotationView.swift */ = {isa = PBXFileReference; fileEncoding = 4; lastKnownFileType = sourcecode.swift; name = TestAnnotationView.swift; path = ProyectoFinal1/TestAnnotationView.swift; sourceTree = "<group>"; };
		EE7B9DEE1DA207F100E4E100 /* fotoView.swift */ = {isa = PBXFileReference; fileEncoding = 4; lastKnownFileType = sourcecode.swift; path = fotoView.swift; sourceTree = "<group>"; };
		EE90972D1DB48219009571A4 /* ACERCA.jpg */ = {isa = PBXFileReference; lastKnownFileType = image.jpeg; path = ACERCA.jpg; sourceTree = "<group>"; };
		EE90972F1DB48221009571A4 /* EVENTOS.jpg */ = {isa = PBXFileReference; lastKnownFileType = image.jpeg; path = EVENTOS.jpg; sourceTree = "<group>"; };
		EE9097311DB482DE009571A4 /* AcercaView.swift */ = {isa = PBXFileReference; fileEncoding = 4; lastKnownFileType = sourcecode.swift; path = AcercaView.swift; sourceTree = "<group>"; };
		EE9097331DB48315009571A4 /* EventosTableView.swift */ = {isa = PBXFileReference; fileEncoding = 4; lastKnownFileType = sourcecode.swift; path = EventosTableView.swift; sourceTree = "<group>"; };
		EE9097351DB48359009571A4 /* Teatros.swift */ = {isa = PBXFileReference; fileEncoding = 4; lastKnownFileType = sourcecode.swift; path = Teatros.swift; sourceTree = "<group>"; };
		EE9097371DB48361009571A4 /* ConfiguracionCelda.swift */ = {isa = PBXFileReference; fileEncoding = 4; lastKnownFileType = sourcecode.swift; path = ConfiguracionCelda.swift; sourceTree = "<group>"; };
		EECFFEA51DA887FA0027712D /* ProyectoFinal1Watch.app */ = {isa = PBXFileReference; explicitFileType = wrapper.application; includeInIndex = 0; path = ProyectoFinal1Watch.app; sourceTree = BUILT_PRODUCTS_DIR; };
		EECFFEA81DA887FB0027712D /* Base */ = {isa = PBXFileReference; lastKnownFileType = file.storyboard; name = Base; path = Base.lproj/Interface.storyboard; sourceTree = "<group>"; };
		EECFFEAA1DA887FB0027712D /* Assets.xcassets */ = {isa = PBXFileReference; lastKnownFileType = folder.assetcatalog; path = Assets.xcassets; sourceTree = "<group>"; };
		EECFFEAC1DA887FB0027712D /* Info.plist */ = {isa = PBXFileReference; lastKnownFileType = text.plist.xml; path = Info.plist; sourceTree = "<group>"; };
		EECFFEB11DA887FB0027712D /* ProyectoFinal1Watch Extension.appex */ = {isa = PBXFileReference; explicitFileType = "wrapper.app-extension"; includeInIndex = 0; path = "ProyectoFinal1Watch Extension.appex"; sourceTree = BUILT_PRODUCTS_DIR; };
		EECFFEB71DA887FB0027712D /* PushNotificationPayload.apns */ = {isa = PBXFileReference; lastKnownFileType = text; path = PushNotificationPayload.apns; sourceTree = "<group>"; };
		EECFFEB81DA887FB0027712D /* InterfaceController.swift */ = {isa = PBXFileReference; lastKnownFileType = sourcecode.swift; path = InterfaceController.swift; sourceTree = "<group>"; };
		EECFFEBA1DA887FB0027712D /* ExtensionDelegate.swift */ = {isa = PBXFileReference; lastKnownFileType = sourcecode.swift; path = ExtensionDelegate.swift; sourceTree = "<group>"; };
		EECFFEBC1DA887FB0027712D /* NotificationController.swift */ = {isa = PBXFileReference; lastKnownFileType = sourcecode.swift; path = NotificationController.swift; sourceTree = "<group>"; };
		EECFFEBE1DA887FB0027712D /* Assets.xcassets */ = {isa = PBXFileReference; lastKnownFileType = folder.assetcatalog; path = Assets.xcassets; sourceTree = "<group>"; };
		EECFFEC01DA887FB0027712D /* Info.plist */ = {isa = PBXFileReference; lastKnownFileType = text.plist.xml; path = Info.plist; sourceTree = "<group>"; };
		EECFFECC1DA88E270027712D /* LabelRow.swift */ = {isa = PBXFileReference; fileEncoding = 4; lastKnownFileType = sourcecode.swift; path = LabelRow.swift; sourceTree = "<group>"; };
		EECFFED11DA8CD280027712D /* PuntosW.swift */ = {isa = PBXFileReference; fileEncoding = 4; lastKnownFileType = sourcecode.swift; path = PuntosW.swift; sourceTree = "<group>"; };
		EECFFED31DA8CDAA0027712D /* RutasW.swift */ = {isa = PBXFileReference; fileEncoding = 4; lastKnownFileType = sourcecode.swift; path = RutasW.swift; sourceTree = "<group>"; };
		EECFFEDA1DA8DBA10027712D /* MapasWatchInterfaceController.swift */ = {isa = PBXFileReference; fileEncoding = 4; lastKnownFileType = sourcecode.swift; path = MapasWatchInterfaceController.swift; sourceTree = "<group>"; };
/* End PBXFileReference section */

/* Begin PBXFrameworksBuildPhase section */
		EE1776B71D9CD39F000CE436 /* Frameworks */ = {
			isa = PBXFrameworksBuildPhase;
			buildActionMask = 2147483647;
			files = (
				EE259E471DB8914C007C1AAE /* MapKit.framework in Frameworks */,
				EE259E451DB89142007C1AAE /* CoreMotion.framework in Frameworks */,
				EE259E431DB8912D007C1AAE /* CoreLocation.framework in Frameworks */,
			);
			runOnlyForDeploymentPostprocessing = 0;
		};
		EECFFEAE1DA887FB0027712D /* Frameworks */ = {
			isa = PBXFrameworksBuildPhase;
			buildActionMask = 2147483647;
			files = (
			);
			runOnlyForDeploymentPostprocessing = 0;
		};
/* End PBXFrameworksBuildPhase section */

/* Begin PBXGroup section */
		EE1776B11D9CD39F000CE436 = {
			isa = PBXGroup;
			children = (
				EE259E4A1DB89275007C1AAE /* TestAnnotationView.swift */,
				EE1776BC1D9CD39F000CE436 /* ProyectoFinal1 */,
				EECFFEA61DA887FB0027712D /* ProyectoFinal1Watch */,
				EECFFEB51DA887FB0027712D /* ProyectoFinal1Watch Extension */,
				EE1776BB1D9CD39F000CE436 /* Products */,
				EE259E411DB8912D007C1AAE /* Frameworks */,
			);
			sourceTree = "<group>";
		};
		EE1776BB1D9CD39F000CE436 /* Products */ = {
			isa = PBXGroup;
			children = (
				EE1776BA1D9CD39F000CE436 /* ProyectoFinal1.app */,
				EECFFEA51DA887FA0027712D /* ProyectoFinal1Watch.app */,
				EECFFEB11DA887FB0027712D /* ProyectoFinal1Watch Extension.appex */,
			);
			name = Products;
			sourceTree = "<group>";
		};
		EE1776BC1D9CD39F000CE436 /* ProyectoFinal1 */ = {
			isa = PBXGroup;
			children = (
				EE259E331DB89046007C1AAE /* Classes */,
				EE259E2A1DB8900E007C1AAE /* Resources */,
				EE1776D21D9CD502000CE436 /* imagenes */,
				EE1776BD1D9CD39F000CE436 /* AppDelegate.swift */,
				EE1776BF1D9CD39F000CE436 /* ViewController.swift */,
				EE1776D71D9CDC2C000CE436 /* TableView.swift */,
				EE1776DB1D9CDC91000CE436 /* RutasView.swift */,
				EE1776D91D9CDC65000CE436 /* mapaView.swift */,
				EE1776E11D9CDD0B000CE436 /* muestraQRView.swift */,
				EE1776E31D9CDDB8000CE436 /* Rutas.swift */,
				EE1776E51D9CDDC3000CE436 /* Puntos.swift */,
				EE1776E71D9CDF1F000CE436 /* coloresRutas.swift */,
				EE1776DF1D9CDCEC000CE436 /* codigoQRView.swift */,
				EE1776C11D9CD39F000CE436 /* Main.storyboard */,
				EE9097311DB482DE009571A4 /* AcercaView.swift */,
				EE9097331DB48315009571A4 /* EventosTableView.swift */,
				EE9097351DB48359009571A4 /* Teatros.swift */,
				EE9097371DB48361009571A4 /* ConfiguracionCelda.swift */,
				EE1776C71D9CD39F000CE436 /* Assets.xcassets */,
				EE1776C91D9CD39F000CE436 /* LaunchScreen.storyboard */,
				EE1776CC1D9CD39F000CE436 /* Info.plist */,
				EE1776C41D9CD39F000CE436 /* ProyectoFinal1.xcdatamodeld */,
				EE7B9DEE1DA207F100E4E100 /* fotoView.swift */,
				EE259E481DB891C8007C1AAE /* realidadAumentadaView.swift */,
			);
			path = ProyectoFinal1;
			sourceTree = "<group>";
		};
		EE1776D21D9CD502000CE436 /* imagenes */ = {
			isa = PBXGroup;
			children = (
				EE90972F1DB48221009571A4 /* EVENTOS.jpg */,
				EE90972D1DB48219009571A4 /* ACERCA.jpg */,
				EE1776D31D9CD53F000CE436 /* QR.png */,
				EE1776D41D9CD53F000CE436 /* RUTAS.jpg */,
			);
			name = imagenes;
			sourceTree = "<group>";
		};
		EE259E2A1DB8900E007C1AAE /* Resources */ = {
			isa = PBXGroup;
			children = (
				EE259E2B1DB89037007C1AAE /* DebugMapViewController.xib */,
				EE259E2C1DB89037007C1AAE /* hdar_close.png */,
				EE259E2D1DB89037007C1AAE /* hdar_close@2x.png */,
				EE259E2E1DB89037007C1AAE /* hdar_close@3x.png */,
			);
			name = Resources;
			sourceTree = "<group>";
		};
		EE259E331DB89046007C1AAE /* Classes */ = {
			isa = PBXGroup;
			children = (
				EE259E3E1DB890B5007C1AAE /* Debug */,
				EE259E341DB89094007C1AAE /* ARAnnotation.swift */,
				EE259E351DB89094007C1AAE /* ARAnnotationView.swift */,
				EE259E361DB89094007C1AAE /* ARConfiguration.swift */,
				EE259E371DB89094007C1AAE /* ARTrackingManager.swift */,
				EE259E381DB89094007C1AAE /* ARViewController.swift */,
			);
			name = Classes;
			sourceTree = "<group>";
		};
		EE259E3E1DB890B5007C1AAE /* Debug */ = {
			isa = PBXGroup;
			children = (
				EE259E3F1DB890C7007C1AAE /* DebugMapViewController.swift */,
			);
			name = Debug;
			sourceTree = "<group>";
		};
		EE259E411DB8912D007C1AAE /* Frameworks */ = {
			isa = PBXGroup;
			children = (
				EE259E461DB8914C007C1AAE /* MapKit.framework */,
				EE259E441DB89142007C1AAE /* CoreMotion.framework */,
				EE259E421DB8912D007C1AAE /* CoreLocation.framework */,
			);
			name = Frameworks;
			sourceTree = "<group>";
		};
		EECFFEA61DA887FB0027712D /* ProyectoFinal1Watch */ = {
			isa = PBXGroup;
			children = (
				EECFFEA71DA887FB0027712D /* Interface.storyboard */,
				EECFFEAA1DA887FB0027712D /* Assets.xcassets */,
				EECFFEAC1DA887FB0027712D /* Info.plist */,
			);
			path = ProyectoFinal1Watch;
			sourceTree = "<group>";
		};
		EECFFEB51DA887FB0027712D /* ProyectoFinal1Watch Extension */ = {
			isa = PBXGroup;
			children = (
				EECFFEB81DA887FB0027712D /* InterfaceController.swift */,
				EECFFEDA1DA8DBA10027712D /* MapasWatchInterfaceController.swift */,
				EECFFEBA1DA887FB0027712D /* ExtensionDelegate.swift */,
				EECFFEBC1DA887FB0027712D /* NotificationController.swift */,
				EECFFEBE1DA887FB0027712D /* Assets.xcassets */,
				EECFFECC1DA88E270027712D /* LabelRow.swift */,
				EECFFEC01DA887FB0027712D /* Info.plist */,
				EECFFEB61DA887FB0027712D /* Supporting Files */,
			);
			path = "ProyectoFinal1Watch Extension";
			sourceTree = "<group>";
		};
		EECFFEB61DA887FB0027712D /* Supporting Files */ = {
			isa = PBXGroup;
			children = (
				EECFFED31DA8CDAA0027712D /* RutasW.swift */,
				EECFFED11DA8CD280027712D /* PuntosW.swift */,
				EECFFEB71DA887FB0027712D /* PushNotificationPayload.apns */,
			);
			name = "Supporting Files";
			sourceTree = "<group>";
		};
/* End PBXGroup section */

/* Begin PBXNativeTarget section */
		EE1776B91D9CD39F000CE436 /* ProyectoFinal1 */ = {
			isa = PBXNativeTarget;
			buildConfigurationList = EE1776CF1D9CD39F000CE436 /* Build configuration list for PBXNativeTarget "ProyectoFinal1" */;
			buildPhases = (
				EE1776B61D9CD39F000CE436 /* Sources */,
				EE1776B71D9CD39F000CE436 /* Frameworks */,
				EE1776B81D9CD39F000CE436 /* Resources */,
				EECFFECB1DA887FB0027712D /* Embed Watch Content */,
			);
			buildRules = (
			);
			dependencies = (
				EECFFEC21DA887FB0027712D /* PBXTargetDependency */,
			);
			name = ProyectoFinal1;
			productName = ProyectoFinal1;
			productReference = EE1776BA1D9CD39F000CE436 /* ProyectoFinal1.app */;
			productType = "com.apple.product-type.application";
		};
		EECFFEA41DA887FA0027712D /* ProyectoFinal1Watch */ = {
			isa = PBXNativeTarget;
			buildConfigurationList = EECFFECA1DA887FB0027712D /* Build configuration list for PBXNativeTarget "ProyectoFinal1Watch" */;
			buildPhases = (
				EECFFEA31DA887FA0027712D /* Resources */,
				EECFFEC91DA887FB0027712D /* Embed App Extensions */,
			);
			buildRules = (
			);
			dependencies = (
				EECFFEB41DA887FB0027712D /* PBXTargetDependency */,
			);
			name = ProyectoFinal1Watch;
			productName = ProyectoFinal1Watch;
			productReference = EECFFEA51DA887FA0027712D /* ProyectoFinal1Watch.app */;
			productType = "com.apple.product-type.application.watchapp2";
		};
		EECFFEB01DA887FB0027712D /* ProyectoFinal1Watch Extension */ = {
			isa = PBXNativeTarget;
			buildConfigurationList = EECFFEC81DA887FB0027712D /* Build configuration list for PBXNativeTarget "ProyectoFinal1Watch Extension" */;
			buildPhases = (
				EECFFEAD1DA887FB0027712D /* Sources */,
				EECFFEAE1DA887FB0027712D /* Frameworks */,
				EECFFEAF1DA887FB0027712D /* Resources */,
			);
			buildRules = (
			);
			dependencies = (
			);
			name = "ProyectoFinal1Watch Extension";
			productName = "ProyectoFinal1Watch Extension";
			productReference = EECFFEB11DA887FB0027712D /* ProyectoFinal1Watch Extension.appex */;
			productType = "com.apple.product-type.watchkit2-extension";
		};
/* End PBXNativeTarget section */

/* Begin PBXProject section */
		EE1776B21D9CD39F000CE436 /* Project object */ = {
			isa = PBXProject;
			attributes = {
				LastSwiftUpdateCheck = 0730;
				LastUpgradeCheck = 0730;
				ORGANIZATIONNAME = "Luis Rodriguez";
				TargetAttributes = {
					EE1776B91D9CD39F000CE436 = {
						CreatedOnToolsVersion = 7.3.1;
						DevelopmentTeam = GBEM7P83UA;
						LastSwiftMigration = 0800;
					};
					EECFFEA41DA887FA0027712D = {
						CreatedOnToolsVersion = 7.3.1;
						DevelopmentTeam = GBEM7P83UA;
						LastSwiftMigration = 0800;
					};
					EECFFEB01DA887FB0027712D = {
						CreatedOnToolsVersion = 7.3.1;
						DevelopmentTeam = GBEM7P83UA;
						LastSwiftMigration = 0800;
					};
				};
			};
			buildConfigurationList = EE1776B51D9CD39F000CE436 /* Build configuration list for PBXProject "ProyectoFinal1" */;
			compatibilityVersion = "Xcode 3.2";
			developmentRegion = English;
			hasScannedForEncodings = 0;
			knownRegions = (
				en,
				Base,
			);
			mainGroup = EE1776B11D9CD39F000CE436;
			productRefGroup = EE1776BB1D9CD39F000CE436 /* Products */;
			projectDirPath = "";
			projectRoot = "";
			targets = (
				EE1776B91D9CD39F000CE436 /* ProyectoFinal1 */,
				EECFFEA41DA887FA0027712D /* ProyectoFinal1Watch */,
				EECFFEB01DA887FB0027712D /* ProyectoFinal1Watch Extension */,
			);
		};
/* End PBXProject section */

/* Begin PBXResourcesBuildPhase section */
		EE1776B81D9CD39F000CE436 /* Resources */ = {
			isa = PBXResourcesBuildPhase;
			buildActionMask = 2147483647;
			files = (
				EE90972E1DB48219009571A4 /* ACERCA.jpg in Resources */,
				EE259E301DB89037007C1AAE /* hdar_close.png in Resources */,
				EE1776D51D9CD53F000CE436 /* QR.png in Resources */,
				EE1776CB1D9CD39F000CE436 /* LaunchScreen.storyboard in Resources */,
				EE259E311DB89037007C1AAE /* hdar_close@2x.png in Resources */,
				EE1776C81D9CD39F000CE436 /* Assets.xcassets in Resources */,
				EE259E321DB89037007C1AAE /* hdar_close@3x.png in Resources */,
				EE9097301DB48221009571A4 /* EVENTOS.jpg in Resources */,
				EE1776C31D9CD39F000CE436 /* Main.storyboard in Resources */,
				EE1776D61D9CD53F000CE436 /* RUTAS.jpg in Resources */,
				EE259E2F1DB89037007C1AAE /* DebugMapViewController.xib in Resources */,
			);
			runOnlyForDeploymentPostprocessing = 0;
		};
		EECFFEA31DA887FA0027712D /* Resources */ = {
			isa = PBXResourcesBuildPhase;
			buildActionMask = 2147483647;
			files = (
				EECFFEAB1DA887FB0027712D /* Assets.xcassets in Resources */,
				EECFFEA91DA887FB0027712D /* Interface.storyboard in Resources */,
			);
			runOnlyForDeploymentPostprocessing = 0;
		};
		EECFFEAF1DA887FB0027712D /* Resources */ = {
			isa = PBXResourcesBuildPhase;
			buildActionMask = 2147483647;
			files = (
				EECFFEBF1DA887FB0027712D /* Assets.xcassets in Resources */,
			);
			runOnlyForDeploymentPostprocessing = 0;
		};
/* End PBXResourcesBuildPhase section */

/* Begin PBXSourcesBuildPhase section */
		EE1776B61D9CD39F000CE436 /* Sources */ = {
			isa = PBXSourcesBuildPhase;
			buildActionMask = 2147483647;
			files = (
				EE259E3D1DB89094007C1AAE /* ARViewController.swift in Sources */,
				EE259E4B1DB89275007C1AAE /* TestAnnotationView.swift in Sources */,
				EE7B9DEF1DA207F100E4E100 /* fotoView.swift in Sources */,
				EE1776E01D9CDCEC000CE436 /* codigoQRView.swift in Sources */,
				EE1776DA1D9CDC65000CE436 /* mapaView.swift in Sources */,
				EE9097381DB48361009571A4 /* ConfiguracionCelda.swift in Sources */,
				EE1776E41D9CDDB8000CE436 /* Rutas.swift in Sources */,
				EE1776C61D9CD39F000CE436 /* ProyectoFinal1.xcdatamodeld in Sources */,
				EE1776E81D9CDF1F000CE436 /* coloresRutas.swift in Sources */,
				EE9097361DB48359009571A4 /* Teatros.swift in Sources */,
				EE1776D81D9CDC2C000CE436 /* TableView.swift in Sources */,
				EE9097321DB482DE009571A4 /* AcercaView.swift in Sources */,
				EE259E401DB890C7007C1AAE /* DebugMapViewController.swift in Sources */,
				EE259E3A1DB89094007C1AAE /* ARAnnotationView.swift in Sources */,
				EE259E3C1DB89094007C1AAE /* ARTrackingManager.swift in Sources */,
				EE259E391DB89094007C1AAE /* ARAnnotation.swift in Sources */,
				EE1776C01D9CD39F000CE436 /* ViewController.swift in Sources */,
				EE1776E61D9CDDC3000CE436 /* Puntos.swift in Sources */,
				EE259E3B1DB89094007C1AAE /* ARConfiguration.swift in Sources */,
				EE1776E21D9CDD0B000CE436 /* muestraQRView.swift in Sources */,
				EE259E491DB891C8007C1AAE /* realidadAumentadaView.swift in Sources */,
				EE1776DC1D9CDC91000CE436 /* RutasView.swift in Sources */,
				EE9097341DB48315009571A4 /* EventosTableView.swift in Sources */,
				EE1776BE1D9CD39F000CE436 /* AppDelegate.swift in Sources */,
			);
			runOnlyForDeploymentPostprocessing = 0;
		};
		EECFFEAD1DA887FB0027712D /* Sources */ = {
			isa = PBXSourcesBuildPhase;
			buildActionMask = 2147483647;
			files = (
				EECFFEBD1DA887FB0027712D /* NotificationController.swift in Sources */,
				EECFFECD1DA88E270027712D /* LabelRow.swift in Sources */,
				EECFFEBB1DA887FB0027712D /* ExtensionDelegate.swift in Sources */,
				EECFFED41DA8CDAA0027712D /* RutasW.swift in Sources */,
				EECFFEDB1DA8DBA10027712D /* MapasWatchInterfaceController.swift in Sources */,
				EECFFED21DA8CD280027712D /* PuntosW.swift in Sources */,
				EECFFEB91DA887FB0027712D /* InterfaceController.swift in Sources */,
			);
			runOnlyForDeploymentPostprocessing = 0;
		};
/* End PBXSourcesBuildPhase section */

/* Begin PBXTargetDependency section */
		EECFFEB41DA887FB0027712D /* PBXTargetDependency */ = {
			isa = PBXTargetDependency;
			target = EECFFEB01DA887FB0027712D /* ProyectoFinal1Watch Extension */;
			targetProxy = EECFFEB31DA887FB0027712D /* PBXContainerItemProxy */;
		};
		EECFFEC21DA887FB0027712D /* PBXTargetDependency */ = {
			isa = PBXTargetDependency;
			target = EECFFEA41DA887FA0027712D /* ProyectoFinal1Watch */;
			targetProxy = EECFFEC11DA887FB0027712D /* PBXContainerItemProxy */;
		};
/* End PBXTargetDependency section */

/* Begin PBXVariantGroup section */
		EE1776C11D9CD39F000CE436 /* Main.storyboard */ = {
			isa = PBXVariantGroup;
			children = (
				EE1776C21D9CD39F000CE436 /* Base */,
			);
			name = Main.storyboard;
			sourceTree = "<group>";
		};
		EE1776C91D9CD39F000CE436 /* LaunchScreen.storyboard */ = {
			isa = PBXVariantGroup;
			children = (
				EE1776CA1D9CD39F000CE436 /* Base */,
			);
			name = LaunchScreen.storyboard;
			sourceTree = "<group>";
		};
		EECFFEA71DA887FB0027712D /* Interface.storyboard */ = {
			isa = PBXVariantGroup;
			children = (
				EECFFEA81DA887FB0027712D /* Base */,
			);
			name = Interface.storyboard;
			sourceTree = "<group>";
		};
/* End PBXVariantGroup section */

/* Begin XCBuildConfiguration section */
		EE1776CD1D9CD39F000CE436 /* Debug */ = {
			isa = XCBuildConfiguration;
			buildSettings = {
				ALWAYS_SEARCH_USER_PATHS = NO;
				CLANG_ANALYZER_NONNULL = YES;
				CLANG_CXX_LANGUAGE_STANDARD = "gnu++0x";
				CLANG_CXX_LIBRARY = "libc++";
				CLANG_ENABLE_MODULES = YES;
				CLANG_ENABLE_OBJC_ARC = YES;
				CLANG_WARN_BOOL_CONVERSION = YES;
				CLANG_WARN_CONSTANT_CONVERSION = YES;
				CLANG_WARN_DIRECT_OBJC_ISA_USAGE = YES_ERROR;
				CLANG_WARN_EMPTY_BODY = YES;
				CLANG_WARN_ENUM_CONVERSION = YES;
				CLANG_WARN_INT_CONVERSION = YES;
				CLANG_WARN_OBJC_ROOT_CLASS = YES_ERROR;
				CLANG_WARN_UNREACHABLE_CODE = YES;
				CLANG_WARN__DUPLICATE_METHOD_MATCH = YES;
				"CODE_SIGN_IDENTITY[sdk=iphoneos*]" = "iPhone Developer";
				COPY_PHASE_STRIP = NO;
				DEBUG_INFORMATION_FORMAT = dwarf;
				ENABLE_STRICT_OBJC_MSGSEND = YES;
				ENABLE_TESTABILITY = YES;
				GCC_C_LANGUAGE_STANDARD = gnu99;
				GCC_DYNAMIC_NO_PIC = NO;
				GCC_NO_COMMON_BLOCKS = YES;
				GCC_OPTIMIZATION_LEVEL = 0;
				GCC_PREPROCESSOR_DEFINITIONS = (
					"DEBUG=1",
					"$(inherited)",
				);
				GCC_WARN_64_TO_32_BIT_CONVERSION = YES;
				GCC_WARN_ABOUT_RETURN_TYPE = YES_ERROR;
				GCC_WARN_UNDECLARED_SELECTOR = YES;
				GCC_WARN_UNINITIALIZED_AUTOS = YES_AGGRESSIVE;
				GCC_WARN_UNUSED_FUNCTION = YES;
				GCC_WARN_UNUSED_VARIABLE = YES;
				IPHONEOS_DEPLOYMENT_TARGET = 9.3;
				MTL_ENABLE_DEBUG_INFO = YES;
				ONLY_ACTIVE_ARCH = YES;
				SDKROOT = iphoneos;
				SWIFT_OPTIMIZATION_LEVEL = "-Onone";
				TARGETED_DEVICE_FAMILY = "1,2";
			};
			name = Debug;
		};
		EE1776CE1D9CD39F000CE436 /* Release */ = {
			isa = XCBuildConfiguration;
			buildSettings = {
				ALWAYS_SEARCH_USER_PATHS = NO;
				CLANG_ANALYZER_NONNULL = YES;
				CLANG_CXX_LANGUAGE_STANDARD = "gnu++0x";
				CLANG_CXX_LIBRARY = "libc++";
				CLANG_ENABLE_MODULES = YES;
				CLANG_ENABLE_OBJC_ARC = YES;
				CLANG_WARN_BOOL_CONVERSION = YES;
				CLANG_WARN_CONSTANT_CONVERSION = YES;
				CLANG_WARN_DIRECT_OBJC_ISA_USAGE = YES_ERROR;
				CLANG_WARN_EMPTY_BODY = YES;
				CLANG_WARN_ENUM_CONVERSION = YES;
				CLANG_WARN_INT_CONVERSION = YES;
				CLANG_WARN_OBJC_ROOT_CLASS = YES_ERROR;
				CLANG_WARN_UNREACHABLE_CODE = YES;
				CLANG_WARN__DUPLICATE_METHOD_MATCH = YES;
				"CODE_SIGN_IDENTITY[sdk=iphoneos*]" = "iPhone Developer";
				COPY_PHASE_STRIP = NO;
				DEBUG_INFORMATION_FORMAT = "dwarf-with-dsym";
				ENABLE_NS_ASSERTIONS = NO;
				ENABLE_STRICT_OBJC_MSGSEND = YES;
				GCC_C_LANGUAGE_STANDARD = gnu99;
				GCC_NO_COMMON_BLOCKS = YES;
				GCC_WARN_64_TO_32_BIT_CONVERSION = YES;
				GCC_WARN_ABOUT_RETURN_TYPE = YES_ERROR;
				GCC_WARN_UNDECLARED_SELECTOR = YES;
				GCC_WARN_UNINITIALIZED_AUTOS = YES_AGGRESSIVE;
				GCC_WARN_UNUSED_FUNCTION = YES;
				GCC_WARN_UNUSED_VARIABLE = YES;
				IPHONEOS_DEPLOYMENT_TARGET = 9.3;
				MTL_ENABLE_DEBUG_INFO = NO;
				SDKROOT = iphoneos;
				TARGETED_DEVICE_FAMILY = "1,2";
				VALIDATE_PRODUCT = YES;
			};
			name = Release;
		};
		EE1776D01D9CD39F000CE436 /* Debug */ = {
			isa = XCBuildConfiguration;
			buildSettings = {
				ASSETCATALOG_COMPILER_APPICON_NAME = AppIcon;
				FRAMEWORK_SEARCH_PATHS = (
					"$(inherited)",
					"$(PROJECT_DIR)",
				);
				INFOPLIST_FILE = ProyectoFinal1/Info.plist;
				LD_RUNPATH_SEARCH_PATHS = "$(inherited) @executable_path/Frameworks";
				PRODUCT_BUNDLE_IDENTIFIER = mx.univeronline.ProyectoFinal1;
				PRODUCT_NAME = "$(TARGET_NAME)";
				SWIFT_VERSION = 2.3;
				TARGETED_DEVICE_FAMILY = 1;
			};
			name = Debug;
		};
		EE1776D11D9CD39F000CE436 /* Release */ = {
			isa = XCBuildConfiguration;
			buildSettings = {
				ASSETCATALOG_COMPILER_APPICON_NAME = AppIcon;
				FRAMEWORK_SEARCH_PATHS = (
					"$(inherited)",
					"$(PROJECT_DIR)",
				);
				INFOPLIST_FILE = ProyectoFinal1/Info.plist;
				LD_RUNPATH_SEARCH_PATHS = "$(inherited) @executable_path/Frameworks";
				PRODUCT_BUNDLE_IDENTIFIER = mx.univeronline.ProyectoFinal1;
				PRODUCT_NAME = "$(TARGET_NAME)";
				SWIFT_VERSION = 2.3;
				TARGETED_DEVICE_FAMILY = 1;
			};
			name = Release;
		};
		EECFFEC41DA887FB0027712D /* Debug */ = {
			isa = XCBuildConfiguration;
			buildSettings = {
				ASSETCATALOG_COMPILER_APPICON_NAME = AppIcon;
				EMBEDDED_CONTENT_CONTAINS_SWIFT = YES;
				IBSC_MODULE = ProyectoFinal1Watch_Extension;
				INFOPLIST_FILE = ProyectoFinal1Watch/Info.plist;
				PRODUCT_BUNDLE_IDENTIFIER = mx.univeronline.ProyectoFinal1.watchkitapp;
				PRODUCT_NAME = "$(TARGET_NAME)";
				SDKROOT = watchos;
				SKIP_INSTALL = YES;
				SWIFT_VERSION = 2.3;
				TARGETED_DEVICE_FAMILY = 4;
				WATCHOS_DEPLOYMENT_TARGET = 2.2;
			};
			name = Debug;
		};
		EECFFEC51DA887FB0027712D /* Release */ = {
			isa = XCBuildConfiguration;
			buildSettings = {
				ASSETCATALOG_COMPILER_APPICON_NAME = AppIcon;
				EMBEDDED_CONTENT_CONTAINS_SWIFT = YES;
				IBSC_MODULE = ProyectoFinal1Watch_Extension;
				INFOPLIST_FILE = ProyectoFinal1Watch/Info.plist;
				PRODUCT_BUNDLE_IDENTIFIER = mx.univeronline.ProyectoFinal1.watchkitapp;
				PRODUCT_NAME = "$(TARGET_NAME)";
				SDKROOT = watchos;
				SKIP_INSTALL = YES;
				SWIFT_VERSION = 2.3;
				TARGETED_DEVICE_FAMILY = 4;
				WATCHOS_DEPLOYMENT_TARGET = 2.2;
			};
			name = Release;
		};
		EECFFEC61DA887FB0027712D /* Debug */ = {
			isa = XCBuildConfiguration;
			buildSettings = {
				INFOPLIST_FILE = "ProyectoFinal1Watch Extension/Info.plist";
				LD_RUNPATH_SEARCH_PATHS = "$(inherited) @executable_path/Frameworks @executable_path/../../Frameworks";
				PRODUCT_BUNDLE_IDENTIFIER = mx.univeronline.ProyectoFinal1.watchkitapp.watchkitextension;
				PRODUCT_NAME = "${TARGET_NAME}";
				SDKROOT = watchos;
				SKIP_INSTALL = YES;
				SWIFT_VERSION = 2.3;
				TARGETED_DEVICE_FAMILY = 4;
				WATCHOS_DEPLOYMENT_TARGET = 2.2;
			};
			name = Debug;
		};
		EECFFEC71DA887FB0027712D /* Release */ = {
			isa = XCBuildConfiguration;
			buildSettings = {
				INFOPLIST_FILE = "ProyectoFinal1Watch Extension/Info.plist";
				LD_RUNPATH_SEARCH_PATHS = "$(inherited) @executable_path/Frameworks @executable_path/../../Frameworks";
				PRODUCT_BUNDLE_IDENTIFIER = mx.univeronline.ProyectoFinal1.watchkitapp.watchkitextension;
				PRODUCT_NAME = "${TARGET_NAME}";
				SDKROOT = watchos;
				SKIP_INSTALL = YES;
				SWIFT_VERSION = 2.3;
				TARGETED_DEVICE_FAMILY = 4;
				WATCHOS_DEPLOYMENT_TARGET = 2.2;
			};
			name = Release;
		};
/* End XCBuildConfiguration section */

/* Begin XCConfigurationList section */
		EE1776B51D9CD39F000CE436 /* Build configuration list for PBXProject "ProyectoFinal1" */ = {
			isa = XCConfigurationList;
			buildConfigurations = (
				EE1776CD1D9CD39F000CE436 /* Debug */,
				EE1776CE1D9CD39F000CE436 /* Release */,
			);
			defaultConfigurationIsVisible = 0;
			defaultConfigurationName = Release;
		};
		EE1776CF1D9CD39F000CE436 /* Build configuration list for PBXNativeTarget "ProyectoFinal1" */ = {
			isa = XCConfigurationList;
			buildConfigurations = (
				EE1776D01D9CD39F000CE436 /* Debug */,
				EE1776D11D9CD39F000CE436 /* Release */,
			);
			defaultConfigurationIsVisible = 0;
			defaultConfigurationName = Release;
		};
		EECFFEC81DA887FB0027712D /* Build configuration list for PBXNativeTarget "ProyectoFinal1Watch Extension" */ = {
			isa = XCConfigurationList;
			buildConfigurations = (
				EECFFEC61DA887FB0027712D /* Debug */,
				EECFFEC71DA887FB0027712D /* Release */,
			);
			defaultConfigurationIsVisible = 0;
			defaultConfigurationName = Release;
		};
		EECFFECA1DA887FB0027712D /* Build configuration list for PBXNativeTarget "ProyectoFinal1Watch" */ = {
			isa = XCConfigurationList;
			buildConfigurations = (
				EECFFEC41DA887FB0027712D /* Debug */,
				EECFFEC51DA887FB0027712D /* Release */,
			);
			defaultConfigurationIsVisible = 0;
			defaultConfigurationName = Release;
		};
/* End XCConfigurationList section */

/* Begin XCVersionGroup section */
		EE1776C41D9CD39F000CE436 /* ProyectoFinal1.xcdatamodeld */ = {
			isa = XCVersionGroup;
			children = (
				EE1776C51D9CD39F000CE436 /* ProyectoFinal1.xcdatamodel */,
			);
			currentVersion = EE1776C51D9CD39F000CE436 /* ProyectoFinal1.xcdatamodel */;
			path = ProyectoFinal1.xcdatamodeld;
			sourceTree = "<group>";
			versionGroupType = wrapper.xcdatamodel;
		};
/* End XCVersionGroup section */
	};
	rootObject = EE1776B21D9CD39F000CE436 /* Project object */;
}
